// !$*UTF8*$!
{
	archiveVersion = 1;
	classes = {
	};
	objectVersion = 55;
	objects = {

/* Begin PBXBuildFile section */
		C8DDA40527F47330004FB599 /* AppDelegate.swift in Sources */ = {isa = PBXBuildFile; fileRef = C8DDA40427F47330004FB599 /* AppDelegate.swift */; };
		C8DDA40727F47330004FB599 /* SceneDelegate.swift in Sources */ = {isa = PBXBuildFile; fileRef = C8DDA40627F47330004FB599 /* SceneDelegate.swift */; };
		C8DDA40927F47330004FB599 /* ViewController.swift in Sources */ = {isa = PBXBuildFile; fileRef = C8DDA40827F47330004FB599 /* ViewController.swift */; };
		C8DDA40C27F47330004FB599 /* Main.storyboard in Resources */ = {isa = PBXBuildFile; fileRef = C8DDA40A27F47330004FB599 /* Main.storyboard */; };
		C8DDA40E27F47332004FB599 /* Assets.xcassets in Resources */ = {isa = PBXBuildFile; fileRef = C8DDA40D27F47332004FB599 /* Assets.xcassets */; };
		C8DDA41127F47332004FB599 /* LaunchScreen.storyboard in Resources */ = {isa = PBXBuildFile; fileRef = C8DDA40F27F47332004FB599 /* LaunchScreen.storyboard */; };
		C8DDA42627F47332004FB599 /* snapshottoeventuallyUITests.swift in Sources */ = {isa = PBXBuildFile; fileRef = C8DDA42527F47332004FB599 /* snapshottoeventuallyUITests.swift */; };
		C8DDA42827F47332004FB599 /* snapshottoeventuallyUITestsLaunchTests.swift in Sources */ = {isa = PBXBuildFile; fileRef = C8DDA42727F47332004FB599 /* snapshottoeventuallyUITestsLaunchTests.swift */; };
		C8DDA43627F473B2004FB599 /* Quick in Frameworks */ = {isa = PBXBuildFile; productRef = C8DDA43527F473B2004FB599 /* Quick */; };
		C8DDA43927F473D6004FB599 /* Nimble in Frameworks */ = {isa = PBXBuildFile; productRef = C8DDA43827F473D6004FB599 /* Nimble */; };
		C8DDA43C27F47477004FB599 /* Nimble-SnapshotTesting in Frameworks */ = {isa = PBXBuildFile; productRef = C8DDA43B27F47477004FB599 /* Nimble-SnapshotTesting */; };
		C8DDA43E27F476C3004FB599 /* CheckToEventuallySpec.swift in Sources */ = {isa = PBXBuildFile; fileRef = C8DDA43D27F476C3004FB599 /* CheckToEventuallySpec.swift */; };
/* End PBXBuildFile section */

/* Begin PBXContainerItemProxy section */
		C8DDA41827F47332004FB599 /* PBXContainerItemProxy */ = {
			isa = PBXContainerItemProxy;
			containerPortal = C8DDA3F927F47330004FB599 /* Project object */;
			proxyType = 1;
			remoteGlobalIDString = C8DDA40027F47330004FB599;
			remoteInfo = snapshottoeventually;
		};
		C8DDA42227F47332004FB599 /* PBXContainerItemProxy */ = {
			isa = PBXContainerItemProxy;
			containerPortal = C8DDA3F927F47330004FB599 /* Project object */;
			proxyType = 1;
			remoteGlobalIDString = C8DDA40027F47330004FB599;
			remoteInfo = snapshottoeventually;
		};
/* End PBXContainerItemProxy section */

/* Begin PBXFileReference section */
		C8DDA40127F47330004FB599 /* snapshottoeventually.app */ = {isa = PBXFileReference; explicitFileType = wrapper.application; includeInIndex = 0; path = snapshottoeventually.app; sourceTree = BUILT_PRODUCTS_DIR; };
		C8DDA40427F47330004FB599 /* AppDelegate.swift */ = {isa = PBXFileReference; lastKnownFileType = sourcecode.swift; path = AppDelegate.swift; sourceTree = "<group>"; };
		C8DDA40627F47330004FB599 /* SceneDelegate.swift */ = {isa = PBXFileReference; lastKnownFileType = sourcecode.swift; path = SceneDelegate.swift; sourceTree = "<group>"; };
		C8DDA40827F47330004FB599 /* ViewController.swift */ = {isa = PBXFileReference; lastKnownFileType = sourcecode.swift; path = ViewController.swift; sourceTree = "<group>"; };
		C8DDA40B27F47330004FB599 /* Base */ = {isa = PBXFileReference; lastKnownFileType = file.storyboard; name = Base; path = Base.lproj/Main.storyboard; sourceTree = "<group>"; };
		C8DDA40D27F47332004FB599 /* Assets.xcassets */ = {isa = PBXFileReference; lastKnownFileType = folder.assetcatalog; path = Assets.xcassets; sourceTree = "<group>"; };
		C8DDA41027F47332004FB599 /* Base */ = {isa = PBXFileReference; lastKnownFileType = file.storyboard; name = Base; path = Base.lproj/LaunchScreen.storyboard; sourceTree = "<group>"; };
		C8DDA41227F47332004FB599 /* Info.plist */ = {isa = PBXFileReference; lastKnownFileType = text.plist.xml; path = Info.plist; sourceTree = "<group>"; };
		C8DDA41727F47332004FB599 /* snapshottoeventuallyTests.xctest */ = {isa = PBXFileReference; explicitFileType = wrapper.cfbundle; includeInIndex = 0; path = snapshottoeventuallyTests.xctest; sourceTree = BUILT_PRODUCTS_DIR; };
		C8DDA42127F47332004FB599 /* snapshottoeventuallyUITests.xctest */ = {isa = PBXFileReference; explicitFileType = wrapper.cfbundle; includeInIndex = 0; path = snapshottoeventuallyUITests.xctest; sourceTree = BUILT_PRODUCTS_DIR; };
		C8DDA42527F47332004FB599 /* snapshottoeventuallyUITests.swift */ = {isa = PBXFileReference; lastKnownFileType = sourcecode.swift; path = snapshottoeventuallyUITests.swift; sourceTree = "<group>"; };
		C8DDA42727F47332004FB599 /* snapshottoeventuallyUITestsLaunchTests.swift */ = {isa = PBXFileReference; lastKnownFileType = sourcecode.swift; path = snapshottoeventuallyUITestsLaunchTests.swift; sourceTree = "<group>"; };
		C8DDA43D27F476C3004FB599 /* CheckToEventuallySpec.swift */ = {isa = PBXFileReference; lastKnownFileType = sourcecode.swift; path = CheckToEventuallySpec.swift; sourceTree = "<group>"; };
/* End PBXFileReference section */

/* Begin PBXFrameworksBuildPhase section */
		C8DDA3FE27F47330004FB599 /* Frameworks */ = {
			isa = PBXFrameworksBuildPhase;
			buildActionMask = 2147483647;
			files = (
			);
			runOnlyForDeploymentPostprocessing = 0;
		};
		C8DDA41427F47332004FB599 /* Frameworks */ = {
			isa = PBXFrameworksBuildPhase;
			buildActionMask = 2147483647;
			files = (
				C8DDA43627F473B2004FB599 /* Quick in Frameworks */,
				C8DDA43927F473D6004FB599 /* Nimble in Frameworks */,
				C8DDA43C27F47477004FB599 /* Nimble-SnapshotTesting in Frameworks */,
			);
			runOnlyForDeploymentPostprocessing = 0;
		};
		C8DDA41E27F47332004FB599 /* Frameworks */ = {
			isa = PBXFrameworksBuildPhase;
			buildActionMask = 2147483647;
			files = (
			);
			runOnlyForDeploymentPostprocessing = 0;
		};
/* End PBXFrameworksBuildPhase section */

/* Begin PBXGroup section */
		C8DDA3F827F47330004FB599 = {
			isa = PBXGroup;
			children = (
				C8DDA40327F47330004FB599 /* snapshottoeventually */,
				C8DDA41A27F47332004FB599 /* snapshottoeventuallyTests */,
				C8DDA42427F47332004FB599 /* snapshottoeventuallyUITests */,
				C8DDA40227F47330004FB599 /* Products */,
			);
			sourceTree = "<group>";
		};
		C8DDA40227F47330004FB599 /* Products */ = {
			isa = PBXGroup;
			children = (
				C8DDA40127F47330004FB599 /* snapshottoeventually.app */,
				C8DDA41727F47332004FB599 /* snapshottoeventuallyTests.xctest */,
				C8DDA42127F47332004FB599 /* snapshottoeventuallyUITests.xctest */,
			);
			name = Products;
			sourceTree = "<group>";
		};
		C8DDA40327F47330004FB599 /* snapshottoeventually */ = {
			isa = PBXGroup;
			children = (
				C8DDA40427F47330004FB599 /* AppDelegate.swift */,
				C8DDA40627F47330004FB599 /* SceneDelegate.swift */,
				C8DDA40827F47330004FB599 /* ViewController.swift */,
				C8DDA40A27F47330004FB599 /* Main.storyboard */,
				C8DDA40D27F47332004FB599 /* Assets.xcassets */,
				C8DDA40F27F47332004FB599 /* LaunchScreen.storyboard */,
				C8DDA41227F47332004FB599 /* Info.plist */,
			);
			path = snapshottoeventually;
			sourceTree = "<group>";
		};
		C8DDA41A27F47332004FB599 /* snapshottoeventuallyTests */ = {
			isa = PBXGroup;
			children = (
				C8DDA43D27F476C3004FB599 /* CheckToEventuallySpec.swift */,
			);
			path = snapshottoeventuallyTests;
			sourceTree = "<group>";
		};
		C8DDA42427F47332004FB599 /* snapshottoeventuallyUITests */ = {
			isa = PBXGroup;
			children = (
				C8DDA42527F47332004FB599 /* snapshottoeventuallyUITests.swift */,
				C8DDA42727F47332004FB599 /* snapshottoeventuallyUITestsLaunchTests.swift */,
			);
			path = snapshottoeventuallyUITests;
			sourceTree = "<group>";
		};
/* End PBXGroup section */

/* Begin PBXNativeTarget section */
		C8DDA40027F47330004FB599 /* snapshottoeventually */ = {
			isa = PBXNativeTarget;
			buildConfigurationList = C8DDA42B27F47332004FB599 /* Build configuration list for PBXNativeTarget "snapshottoeventually" */;
			buildPhases = (
				C8DDA3FD27F47330004FB599 /* Sources */,
				C8DDA3FE27F47330004FB599 /* Frameworks */,
				C8DDA3FF27F47330004FB599 /* Resources */,
			);
			buildRules = (
			);
			dependencies = (
			);
			name = snapshottoeventually;
			productName = snapshottoeventually;
			productReference = C8DDA40127F47330004FB599 /* snapshottoeventually.app */;
			productType = "com.apple.product-type.application";
		};
		C8DDA41627F47332004FB599 /* snapshottoeventuallyTests */ = {
			isa = PBXNativeTarget;
			buildConfigurationList = C8DDA42E27F47332004FB599 /* Build configuration list for PBXNativeTarget "snapshottoeventuallyTests" */;
			buildPhases = (
				C8DDA41327F47332004FB599 /* Sources */,
				C8DDA41427F47332004FB599 /* Frameworks */,
				C8DDA41527F47332004FB599 /* Resources */,
			);
			buildRules = (
			);
			dependencies = (
				C8DDA41927F47332004FB599 /* PBXTargetDependency */,
			);
			name = snapshottoeventuallyTests;
			packageProductDependencies = (
				C8DDA43527F473B2004FB599 /* Quick */,
				C8DDA43827F473D6004FB599 /* Nimble */,
				C8DDA43B27F47477004FB599 /* Nimble-SnapshotTesting */,
			);
			productName = snapshottoeventuallyTests;
			productReference = C8DDA41727F47332004FB599 /* snapshottoeventuallyTests.xctest */;
			productType = "com.apple.product-type.bundle.unit-test";
		};
		C8DDA42027F47332004FB599 /* snapshottoeventuallyUITests */ = {
			isa = PBXNativeTarget;
			buildConfigurationList = C8DDA43127F47332004FB599 /* Build configuration list for PBXNativeTarget "snapshottoeventuallyUITests" */;
			buildPhases = (
				C8DDA41D27F47332004FB599 /* Sources */,
				C8DDA41E27F47332004FB599 /* Frameworks */,
				C8DDA41F27F47332004FB599 /* Resources */,
			);
			buildRules = (
			);
			dependencies = (
				C8DDA42327F47332004FB599 /* PBXTargetDependency */,
			);
			name = snapshottoeventuallyUITests;
			productName = snapshottoeventuallyUITests;
			productReference = C8DDA42127F47332004FB599 /* snapshottoeventuallyUITests.xctest */;
			productType = "com.apple.product-type.bundle.ui-testing";
		};
/* End PBXNativeTarget section */

/* Begin PBXProject section */
		C8DDA3F927F47330004FB599 /* Project object */ = {
			isa = PBXProject;
			attributes = {
				BuildIndependentTargetsInParallel = 1;
				LastSwiftUpdateCheck = 1320;
				LastUpgradeCheck = 1320;
				TargetAttributes = {
					C8DDA40027F47330004FB599 = {
						CreatedOnToolsVersion = 13.2.1;
					};
					C8DDA41627F47332004FB599 = {
						CreatedOnToolsVersion = 13.2.1;
						TestTargetID = C8DDA40027F47330004FB599;
					};
					C8DDA42027F47332004FB599 = {
						CreatedOnToolsVersion = 13.2.1;
						TestTargetID = C8DDA40027F47330004FB599;
					};
				};
			};
			buildConfigurationList = C8DDA3FC27F47330004FB599 /* Build configuration list for PBXProject "snapshottoeventually" */;
			compatibilityVersion = "Xcode 13.0";
			developmentRegion = en;
			hasScannedForEncodings = 0;
			knownRegions = (
				en,
				Base,
			);
			mainGroup = C8DDA3F827F47330004FB599;
			packageReferences = (
				C8DDA43427F473B2004FB599 /* XCRemoteSwiftPackageReference "quick" */,
				C8DDA43727F473D6004FB599 /* XCRemoteSwiftPackageReference "nimble" */,
				C8DDA43A27F47477004FB599 /* XCRemoteSwiftPackageReference "Nimble-SnapshotTesting" */,
			);
			productRefGroup = C8DDA40227F47330004FB599 /* Products */;
			projectDirPath = "";
			projectRoot = "";
			targets = (
				C8DDA40027F47330004FB599 /* snapshottoeventually */,
				C8DDA41627F47332004FB599 /* snapshottoeventuallyTests */,
				C8DDA42027F47332004FB599 /* snapshottoeventuallyUITests */,
			);
		};
/* End PBXProject section */

/* Begin PBXResourcesBuildPhase section */
		C8DDA3FF27F47330004FB599 /* Resources */ = {
			isa = PBXResourcesBuildPhase;
			buildActionMask = 2147483647;
			files = (
				C8DDA41127F47332004FB599 /* LaunchScreen.storyboard in Resources */,
				C8DDA40E27F47332004FB599 /* Assets.xcassets in Resources */,
				C8DDA40C27F47330004FB599 /* Main.storyboard in Resources */,
			);
			runOnlyForDeploymentPostprocessing = 0;
		};
		C8DDA41527F47332004FB599 /* Resources */ = {
			isa = PBXResourcesBuildPhase;
			buildActionMask = 2147483647;
			files = (
			);
			runOnlyForDeploymentPostprocessing = 0;
		};
		C8DDA41F27F47332004FB599 /* Resources */ = {
			isa = PBXResourcesBuildPhase;
			buildActionMask = 2147483647;
			files = (
			);
			runOnlyForDeploymentPostprocessing = 0;
		};
/* End PBXResourcesBuildPhase section */

/* Begin PBXSourcesBuildPhase section */
		C8DDA3FD27F47330004FB599 /* Sources */ = {
			isa = PBXSourcesBuildPhase;
			buildActionMask = 2147483647;
			files = (
				C8DDA40927F47330004FB599 /* ViewController.swift in Sources */,
				C8DDA40527F47330004FB599 /* AppDelegate.swift in Sources */,
				C8DDA40727F47330004FB599 /* SceneDelegate.swift in Sources */,
			);
			runOnlyForDeploymentPostprocessing = 0;
		};
		C8DDA41327F47332004FB599 /* Sources */ = {
			isa = PBXSourcesBuildPhase;
			buildActionMask = 2147483647;
			files = (
				C8DDA43E27F476C3004FB599 /* CheckToEventuallySpec.swift in Sources */,
			);
			runOnlyForDeploymentPostprocessing = 0;
		};
		C8DDA41D27F47332004FB599 /* Sources */ = {
			isa = PBXSourcesBuildPhase;
			buildActionMask = 2147483647;
			files = (
				C8DDA42827F47332004FB599 /* snapshottoeventuallyUITestsLaunchTests.swift in Sources */,
				C8DDA42627F47332004FB599 /* snapshottoeventuallyUITests.swift in Sources */,
			);
			runOnlyForDeploymentPostprocessing = 0;
		};
/* End PBXSourcesBuildPhase section */

/* Begin PBXTargetDependency section */
		C8DDA41927F47332004FB599 /* PBXTargetDependency */ = {
			isa = PBXTargetDependency;
			target = C8DDA40027F47330004FB599 /* snapshottoeventually */;
			targetProxy = C8DDA41827F47332004FB599 /* PBXContainerItemProxy */;
		};
		C8DDA42327F47332004FB599 /* PBXTargetDependency */ = {
			isa = PBXTargetDependency;
			target = C8DDA40027F47330004FB599 /* snapshottoeventually */;
			targetProxy = C8DDA42227F47332004FB599 /* PBXContainerItemProxy */;
		};
/* End PBXTargetDependency section */

/* Begin PBXVariantGroup section */
		C8DDA40A27F47330004FB599 /* Main.storyboard */ = {
			isa = PBXVariantGroup;
			children = (
				C8DDA40B27F47330004FB599 /* Base */,
			);
			name = Main.storyboard;
			sourceTree = "<group>";
		};
		C8DDA40F27F47332004FB599 /* LaunchScreen.storyboard */ = {
			isa = PBXVariantGroup;
			children = (
				C8DDA41027F47332004FB599 /* Base */,
			);
			name = LaunchScreen.storyboard;
			sourceTree = "<group>";
		};
/* End PBXVariantGroup section */

/* Begin XCBuildConfiguration section */
		C8DDA42927F47332004FB599 /* Debug */ = {
			isa = XCBuildConfiguration;
			buildSettings = {
				ALWAYS_SEARCH_USER_PATHS = NO;
				CLANG_ANALYZER_NONNULL = YES;
				CLANG_ANALYZER_NUMBER_OBJECT_CONVERSION = YES_AGGRESSIVE;
				CLANG_CXX_LANGUAGE_STANDARD = "gnu++17";
				CLANG_CXX_LIBRARY = "libc++";
				CLANG_ENABLE_MODULES = YES;
				CLANG_ENABLE_OBJC_ARC = YES;
				CLANG_ENABLE_OBJC_WEAK = YES;
				CLANG_WARN_BLOCK_CAPTURE_AUTORELEASING = YES;
				CLANG_WARN_BOOL_CONVERSION = YES;
				CLANG_WARN_COMMA = YES;
				CLANG_WARN_CONSTANT_CONVERSION = YES;
				CLANG_WARN_DEPRECATED_OBJC_IMPLEMENTATIONS = YES;
				CLANG_WARN_DIRECT_OBJC_ISA_USAGE = YES_ERROR;
				CLANG_WARN_DOCUMENTATION_COMMENTS = YES;
				CLANG_WARN_EMPTY_BODY = YES;
				CLANG_WARN_ENUM_CONVERSION = YES;
				CLANG_WARN_INFINITE_RECURSION = YES;
				CLANG_WARN_INT_CONVERSION = YES;
				CLANG_WARN_NON_LITERAL_NULL_CONVERSION = YES;
				CLANG_WARN_OBJC_IMPLICIT_RETAIN_SELF = YES;
				CLANG_WARN_OBJC_LITERAL_CONVERSION = YES;
				CLANG_WARN_OBJC_ROOT_CLASS = YES_ERROR;
				CLANG_WARN_QUOTED_INCLUDE_IN_FRAMEWORK_HEADER = YES;
				CLANG_WARN_RANGE_LOOP_ANALYSIS = YES;
				CLANG_WARN_STRICT_PROTOTYPES = YES;
				CLANG_WARN_SUSPICIOUS_MOVE = YES;
				CLANG_WARN_UNGUARDED_AVAILABILITY = YES_AGGRESSIVE;
				CLANG_WARN_UNREACHABLE_CODE = YES;
				CLANG_WARN__DUPLICATE_METHOD_MATCH = YES;
				COPY_PHASE_STRIP = NO;
				DEBUG_INFORMATION_FORMAT = dwarf;
				ENABLE_STRICT_OBJC_MSGSEND = YES;
				ENABLE_TESTABILITY = YES;
				GCC_C_LANGUAGE_STANDARD = gnu11;
				GCC_DYNAMIC_NO_PIC = NO;
				GCC_NO_COMMON_BLOCKS = YES;
				GCC_OPTIMIZATION_LEVEL = 0;
				GCC_PREPROCESSOR_DEFINITIONS = (
					"DEBUG=1",
					"$(inherited)",
				);
				GCC_WARN_64_TO_32_BIT_CONVERSION = YES;
				GCC_WARN_ABOUT_RETURN_TYPE = YES_ERROR;
				GCC_WARN_UNDECLARED_SELECTOR = YES;
				GCC_WARN_UNINITIALIZED_AUTOS = YES_AGGRESSIVE;
				GCC_WARN_UNUSED_FUNCTION = YES;
				GCC_WARN_UNUSED_VARIABLE = YES;
				IPHONEOS_DEPLOYMENT_TARGET = 15.2;
				MTL_ENABLE_DEBUG_INFO = INCLUDE_SOURCE;
				MTL_FAST_MATH = YES;
				ONLY_ACTIVE_ARCH = YES;
				SDKROOT = iphoneos;
				SWIFT_ACTIVE_COMPILATION_CONDITIONS = DEBUG;
				SWIFT_OPTIMIZATION_LEVEL = "-Onone";
			};
			name = Debug;
		};
		C8DDA42A27F47332004FB599 /* Release */ = {
			isa = XCBuildConfiguration;
			buildSettings = {
				ALWAYS_SEARCH_USER_PATHS = NO;
				CLANG_ANALYZER_NONNULL = YES;
				CLANG_ANALYZER_NUMBER_OBJECT_CONVERSION = YES_AGGRESSIVE;
				CLANG_CXX_LANGUAGE_STANDARD = "gnu++17";
				CLANG_CXX_LIBRARY = "libc++";
				CLANG_ENABLE_MODULES = YES;
				CLANG_ENABLE_OBJC_ARC = YES;
				CLANG_ENABLE_OBJC_WEAK = YES;
				CLANG_WARN_BLOCK_CAPTURE_AUTORELEASING = YES;
				CLANG_WARN_BOOL_CONVERSION = YES;
				CLANG_WARN_COMMA = YES;
				CLANG_WARN_CONSTANT_CONVERSION = YES;
				CLANG_WARN_DEPRECATED_OBJC_IMPLEMENTATIONS = YES;
				CLANG_WARN_DIRECT_OBJC_ISA_USAGE = YES_ERROR;
				CLANG_WARN_DOCUMENTATION_COMMENTS = YES;
				CLANG_WARN_EMPTY_BODY = YES;
				CLANG_WARN_ENUM_CONVERSION = YES;
				CLANG_WARN_INFINITE_RECURSION = YES;
				CLANG_WARN_INT_CONVERSION = YES;
				CLANG_WARN_NON_LITERAL_NULL_CONVERSION = YES;
				CLANG_WARN_OBJC_IMPLICIT_RETAIN_SELF = YES;
				CLANG_WARN_OBJC_LITERAL_CONVERSION = YES;
				CLANG_WARN_OBJC_ROOT_CLASS = YES_ERROR;
				CLANG_WARN_QUOTED_INCLUDE_IN_FRAMEWORK_HEADER = YES;
				CLANG_WARN_RANGE_LOOP_ANALYSIS = YES;
				CLANG_WARN_STRICT_PROTOTYPES = YES;
				CLANG_WARN_SUSPICIOUS_MOVE = YES;
				CLANG_WARN_UNGUARDED_AVAILABILITY = YES_AGGRESSIVE;
				CLANG_WARN_UNREACHABLE_CODE = YES;
				CLANG_WARN__DUPLICATE_METHOD_MATCH = YES;
				COPY_PHASE_STRIP = NO;
				DEBUG_INFORMATION_FORMAT = "dwarf-with-dsym";
				ENABLE_NS_ASSERTIONS = NO;
				ENABLE_STRICT_OBJC_MSGSEND = YES;
				GCC_C_LANGUAGE_STANDARD = gnu11;
				GCC_NO_COMMON_BLOCKS = YES;
				GCC_WARN_64_TO_32_BIT_CONVERSION = YES;
				GCC_WARN_ABOUT_RETURN_TYPE = YES_ERROR;
				GCC_WARN_UNDECLARED_SELECTOR = YES;
				GCC_WARN_UNINITIALIZED_AUTOS = YES_AGGRESSIVE;
				GCC_WARN_UNUSED_FUNCTION = YES;
				GCC_WARN_UNUSED_VARIABLE = YES;
				IPHONEOS_DEPLOYMENT_TARGET = 15.2;
				MTL_ENABLE_DEBUG_INFO = NO;
				MTL_FAST_MATH = YES;
				SDKROOT = iphoneos;
				SWIFT_COMPILATION_MODE = wholemodule;
				SWIFT_OPTIMIZATION_LEVEL = "-O";
				VALIDATE_PRODUCT = YES;
			};
			name = Release;
		};
		C8DDA42C27F47332004FB599 /* Debug */ = {
			isa = XCBuildConfiguration;
			buildSettings = {
				ASSETCATALOG_COMPILER_APPICON_NAME = AppIcon;
				ASSETCATALOG_COMPILER_GLOBAL_ACCENT_COLOR_NAME = AccentColor;
				CODE_SIGN_STYLE = Automatic;
				CURRENT_PROJECT_VERSION = 1;
				DEVELOPMENT_TEAM = U8KS828P9Y;
				GENERATE_INFOPLIST_FILE = YES;
				INFOPLIST_FILE = snapshottoeventually/Info.plist;
				INFOPLIST_KEY_UIApplicationSupportsIndirectInputEvents = YES;
				INFOPLIST_KEY_UILaunchStoryboardName = LaunchScreen;
				INFOPLIST_KEY_UIMainStoryboardFile = Main;
				INFOPLIST_KEY_UISupportedInterfaceOrientations_iPad = "UIInterfaceOrientationPortrait UIInterfaceOrientationPortraitUpsideDown UIInterfaceOrientationLandscapeLeft UIInterfaceOrientationLandscapeRight";
				INFOPLIST_KEY_UISupportedInterfaceOrientations_iPhone = "UIInterfaceOrientationPortrait UIInterfaceOrientationLandscapeLeft UIInterfaceOrientationLandscapeRight";
				LD_RUNPATH_SEARCH_PATHS = (
					"$(inherited)",
					"@executable_path/Frameworks",
				);
				MARKETING_VERSION = 1.0;
				PRODUCT_BUNDLE_IDENTIFIER = com.matt.snapshottoeventually;
				PRODUCT_NAME = "$(TARGET_NAME)";
				SWIFT_EMIT_LOC_STRINGS = YES;
				SWIFT_VERSION = 5.0;
				TARGETED_DEVICE_FAMILY = "1,2";
			};
			name = Debug;
		};
		C8DDA42D27F47332004FB599 /* Release */ = {
			isa = XCBuildConfiguration;
			buildSettings = {
				ASSETCATALOG_COMPILER_APPICON_NAME = AppIcon;
				ASSETCATALOG_COMPILER_GLOBAL_ACCENT_COLOR_NAME = AccentColor;
				CODE_SIGN_STYLE = Automatic;
				CURRENT_PROJECT_VERSION = 1;
				DEVELOPMENT_TEAM = U8KS828P9Y;
				GENERATE_INFOPLIST_FILE = YES;
				INFOPLIST_FILE = snapshottoeventually/Info.plist;
				INFOPLIST_KEY_UIApplicationSupportsIndirectInputEvents = YES;
				INFOPLIST_KEY_UILaunchStoryboardName = LaunchScreen;
				INFOPLIST_KEY_UIMainStoryboardFile = Main;
				INFOPLIST_KEY_UISupportedInterfaceOrientations_iPad = "UIInterfaceOrientationPortrait UIInterfaceOrientationPortraitUpsideDown UIInterfaceOrientationLandscapeLeft UIInterfaceOrientationLandscapeRight";
				INFOPLIST_KEY_UISupportedInterfaceOrientations_iPhone = "UIInterfaceOrientationPortrait UIInterfaceOrientationLandscapeLeft UIInterfaceOrientationLandscapeRight";
				LD_RUNPATH_SEARCH_PATHS = (
					"$(inherited)",
					"@executable_path/Frameworks",
				);
				MARKETING_VERSION = 1.0;
				PRODUCT_BUNDLE_IDENTIFIER = com.matt.snapshottoeventually;
				PRODUCT_NAME = "$(TARGET_NAME)";
				SWIFT_EMIT_LOC_STRINGS = YES;
				SWIFT_VERSION = 5.0;
				TARGETED_DEVICE_FAMILY = "1,2";
			};
			name = Release;
		};
		C8DDA42F27F47332004FB599 /* Debug */ = {
			isa = XCBuildConfiguration;
			buildSettings = {
				ALWAYS_EMBED_SWIFT_STANDARD_LIBRARIES = YES;
				BUNDLE_LOADER = "$(TEST_HOST)";
				CODE_SIGN_STYLE = Automatic;
				CURRENT_PROJECT_VERSION = 1;
				DEVELOPMENT_TEAM = U8KS828P9Y;
				GENERATE_INFOPLIST_FILE = YES;
				IPHONEOS_DEPLOYMENT_TARGET = 15.2;
				MARKETING_VERSION = 1.0;
				PRODUCT_BUNDLE_IDENTIFIER = com.matt.snapshottoeventuallyTests;
				PRODUCT_NAME = "$(TARGET_NAME)";
				SWIFT_EMIT_LOC_STRINGS = NO;
				SWIFT_VERSION = 5.0;
				TARGETED_DEVICE_FAMILY = "1,2";
				TEST_HOST = "$(BUILT_PRODUCTS_DIR)/snapshottoeventually.app/snapshottoeventually";
			};
			name = Debug;
		};
		C8DDA43027F47332004FB599 /* Release */ = {
			isa = XCBuildConfiguration;
			buildSettings = {
				ALWAYS_EMBED_SWIFT_STANDARD_LIBRARIES = YES;
				BUNDLE_LOADER = "$(TEST_HOST)";
				CODE_SIGN_STYLE = Automatic;
				CURRENT_PROJECT_VERSION = 1;
				DEVELOPMENT_TEAM = U8KS828P9Y;
				GENERATE_INFOPLIST_FILE = YES;
				IPHONEOS_DEPLOYMENT_TARGET = 15.2;
				MARKETING_VERSION = 1.0;
				PRODUCT_BUNDLE_IDENTIFIER = com.matt.snapshottoeventuallyTests;
				PRODUCT_NAME = "$(TARGET_NAME)";
				SWIFT_EMIT_LOC_STRINGS = NO;
				SWIFT_VERSION = 5.0;
				TARGETED_DEVICE_FAMILY = "1,2";
				TEST_HOST = "$(BUILT_PRODUCTS_DIR)/snapshottoeventually.app/snapshottoeventually";
			};
			name = Release;
		};
		C8DDA43227F47332004FB599 /* Debug */ = {
			isa = XCBuildConfiguration;
			buildSettings = {
				ALWAYS_EMBED_SWIFT_STANDARD_LIBRARIES = YES;
				CODE_SIGN_STYLE = Automatic;
				CURRENT_PROJECT_VERSION = 1;
				DEVELOPMENT_TEAM = U8KS828P9Y;
				GENERATE_INFOPLIST_FILE = YES;
				MARKETING_VERSION = 1.0;
				PRODUCT_BUNDLE_IDENTIFIER = com.matt.snapshottoeventuallyUITests;
				PRODUCT_NAME = "$(TARGET_NAME)";
				SWIFT_EMIT_LOC_STRINGS = NO;
				SWIFT_VERSION = 5.0;
				TARGETED_DEVICE_FAMILY = "1,2";
				TEST_TARGET_NAME = snapshottoeventually;
			};
			name = Debug;
		};
		C8DDA43327F47332004FB599 /* Release */ = {
			isa = XCBuildConfiguration;
			buildSettings = {
				ALWAYS_EMBED_SWIFT_STANDARD_LIBRARIES = YES;
				CODE_SIGN_STYLE = Automatic;
				CURRENT_PROJECT_VERSION = 1;
				DEVELOPMENT_TEAM = U8KS828P9Y;
				GENERATE_INFOPLIST_FILE = YES;
				MARKETING_VERSION = 1.0;
				PRODUCT_BUNDLE_IDENTIFIER = com.matt.snapshottoeventuallyUITests;
				PRODUCT_NAME = "$(TARGET_NAME)";
				SWIFT_EMIT_LOC_STRINGS = NO;
				SWIFT_VERSION = 5.0;
				TARGETED_DEVICE_FAMILY = "1,2";
				TEST_TARGET_NAME = snapshottoeventually;
			};
			name = Release;
		};
/* End XCBuildConfiguration section */

/* Begin XCConfigurationList section */
		C8DDA3FC27F47330004FB599 /* Build configuration list for PBXProject "snapshottoeventually" */ = {
			isa = XCConfigurationList;
			buildConfigurations = (
				C8DDA42927F47332004FB599 /* Debug */,
				C8DDA42A27F47332004FB599 /* Release */,
			);
			defaultConfigurationIsVisible = 0;
			defaultConfigurationName = Release;
		};
		C8DDA42B27F47332004FB599 /* Build configuration list for PBXNativeTarget "snapshottoeventually" */ = {
			isa = XCConfigurationList;
			buildConfigurations = (
				C8DDA42C27F47332004FB599 /* Debug */,
				C8DDA42D27F47332004FB599 /* Release */,
			);
			defaultConfigurationIsVisible = 0;
			defaultConfigurationName = Release;
		};
		C8DDA42E27F47332004FB599 /* Build configuration list for PBXNativeTarget "snapshottoeventuallyTests" */ = {
			isa = XCConfigurationList;
			buildConfigurations = (
				C8DDA42F27F47332004FB599 /* Debug */,
				C8DDA43027F47332004FB599 /* Release */,
			);
			defaultConfigurationIsVisible = 0;
			defaultConfigurationName = Release;
		};
		C8DDA43127F47332004FB599 /* Build configuration list for PBXNativeTarget "snapshottoeventuallyUITests" */ = {
			isa = XCConfigurationList;
			buildConfigurations = (
				C8DDA43227F47332004FB599 /* Debug */,
				C8DDA43327F47332004FB599 /* Release */,
			);
			defaultConfigurationIsVisible = 0;
			defaultConfigurationName = Release;
		};
/* End XCConfigurationList section */

/* Begin XCRemoteSwiftPackageReference section */
		C8DDA43427F473B2004FB599 /* XCRemoteSwiftPackageReference "quick" */ = {
			isa = XCRemoteSwiftPackageReference;
			repositoryURL = "https://github.com/quick/quick.git";
			requirement = {
				kind = upToNextMajorVersion;
				minimumVersion = 4.0.0;
			};
		};
		C8DDA43727F473D6004FB599 /* XCRemoteSwiftPackageReference "nimble" */ = {
			isa = XCRemoteSwiftPackageReference;
			repositoryURL = "https://github.com/quick/nimble";
			requirement = {
				kind = upToNextMajorVersion;
				minimumVersion = 9.2.1;
			};
		};
		C8DDA43A27F47477004FB599 /* XCRemoteSwiftPackageReference "Nimble-SnapshotTesting" */ = {
			isa = XCRemoteSwiftPackageReference;
			repositoryURL = "https://github.com/tahirmt/Nimble-SnapshotTesting";
			requirement = {
				branch = "use-fork";
				kind = branch;
			};
		};
/* End XCRemoteSwiftPackageReference section */

/* Begin XCSwiftPackageProductDependency section */
		C8DDA43527F473B2004FB599 /* Quick */ = {
			isa = XCSwiftPackageProductDependency;
			package = C8DDA43427F473B2004FB599 /* XCRemoteSwiftPackageReference "quick" */;
			productName = Quick;
		};
		C8DDA43827F473D6004FB599 /* Nimble */ = {
			isa = XCSwiftPackageProductDependency;
			package = C8DDA43727F473D6004FB599 /* XCRemoteSwiftPackageReference "nimble" */;
			productName = Nimble;
		};
		C8DDA43B27F47477004FB599 /* Nimble-SnapshotTesting */ = {
			isa = XCSwiftPackageProductDependency;
			package = C8DDA43A27F47477004FB599 /* XCRemoteSwiftPackageReference "Nimble-SnapshotTesting" */;
			productName = "Nimble-SnapshotTesting";
		};
/* End XCSwiftPackageProductDependency section */
	};
	rootObject = C8DDA3F927F47330004FB599 /* Project object */;
}
